
Microsoft Visual Studio Solution File, Format Version 12.00
# Visual Studio Version 17
VisualStudioVersion = 17.0.32112.339
MinimumVisualStudioVersion = 10.0.40219.1
Project("{FAE04EC0-301F-11D3-BF4B-00C04F79EFBC}") = "Simulacion1", "Simulacion1.csproj", "{4950840C-3076-46F5-B084-D741EC1126E8}"
EndProject
Global
	GlobalSection(SolutionConfigurationPlatforms) = preSolution
		Debug|Any CPU = Debug|Any CPU
		Release|Any CPU = Release|Any CPU
	EndGlobalSection
	GlobalSection(ProjectConfigurationPlatforms) = postSolution
		{4950840C-3076-46F5-B084-D741EC1126E8}.Debug|Any CPU.ActiveCfg = Debug|Any CPU
		{4950840C-3076-46F5-B084-D741EC1126E8}.Debug|Any CPU.Build.0 = Debug|Any CPU
		{4950840C-3076-46F5-B084-D741EC1126E8}.Release|Any CPU.ActiveCfg = Release|Any CPU
		{4950840C-3076-46F5-B084-D741EC1126E8}.Release|Any CPU.Build.0 = Release|Any CPU
	EndGlobalSection
	GlobalSection(SolutionProperties) = preSolution
		HideSolutionNode = FALSE
	EndGlobalSection
	GlobalSection(ExtensibilityGlobals) = postSolution
		SolutionGuid = {541714AE-B7E5-454D-865A-0F3F343D4636}
	EndGlobalSection
EndGlobal
